
Microsoft Visual Studio Solution File, Format Version 12.00
# Visual Studio Version 17
VisualStudioVersion = 17.10.36227.11
MinimumVisualStudioVersion = 10.0.40219.1
Project("{9A19103F-16F7-4668-BE54-9A1E7A4F7556}") = "Fenton.WebLogImporter", "Fenton.WebLogImporter.csproj", "{A7C90B4B-599B-49D9-829E-DE52E19A7254}"
EndProject
Global
	GlobalSection(SolutionConfigurationPlatforms) = preSolution
		Debug|Any CPU = Debug|Any CPU
		Release|Any CPU = Release|Any CPU
	EndGlobalSection
	GlobalSection(ProjectConfigurationPlatforms) = postSolution
		{A7C90B4B-599B-49D9-829E-DE52E19A7254}.Debug|Any CPU.ActiveCfg = Debug|Any CPU
		{A7C90B4B-599B-49D9-829E-DE52E19A7254}.Debug|Any CPU.Build.0 = Debug|Any CPU
		{A7C90B4B-599B-49D9-829E-DE52E19A7254}.Release|Any CPU.ActiveCfg = Release|Any CPU
		{A7C90B4B-599B-49D9-829E-DE52E19A7254}.Release|Any CPU.Build.0 = Release|Any CPU
	EndGlobalSection
	GlobalSection(SolutionProperties) = preSolution
		HideSolutionNode = FALSE
	EndGlobalSection
	GlobalSection(ExtensibilityGlobals) = postSolution
		SolutionGuid = {31547476-664F-4921-B705-6A94136AB08C}
	EndGlobalSection
EndGlobal
